
Microsoft Visual Studio Solution File, Format Version 12.00
# Visual Studio Version 17
VisualStudioVersion = 17.5.33414.496
MinimumVisualStudioVersion = 10.0.40219.1
Project("{9A19103F-16F7-4668-BE54-9A1E7A4F7556}") = "CIE206PROJECTGUI", "CIE206PROJECTGUI\CIE206PROJECTGUI.csproj", "{ACCE8879-8CCA-47BE-92BF-3215BB3AADB8}"
EndProject
Global
	GlobalSection(SolutionConfigurationPlatforms) = preSolution
		Debug|Any CPU = Debug|Any CPU
		Release|Any CPU = Release|Any CPU
	EndGlobalSection
	GlobalSection(ProjectConfigurationPlatforms) = postSolution
		{ACCE8879-8CCA-47BE-92BF-3215BB3AADB8}.Debug|Any CPU.ActiveCfg = Debug|Any CPU
		{ACCE8879-8CCA-47BE-92BF-3215BB3AADB8}.Debug|Any CPU.Build.0 = Debug|Any CPU
		{ACCE8879-8CCA-47BE-92BF-3215BB3AADB8}.Release|Any CPU.ActiveCfg = Release|Any CPU
		{ACCE8879-8CCA-47BE-92BF-3215BB3AADB8}.Release|Any CPU.Build.0 = Release|Any CPU
	EndGlobalSection
	GlobalSection(SolutionProperties) = preSolution
		HideSolutionNode = FALSE
	EndGlobalSection
	GlobalSection(ExtensibilityGlobals) = postSolution
		SolutionGuid = {27D81795-00D5-4C9A-BE2C-672AE21539C9}
	EndGlobalSection
EndGlobal
